
Microsoft Visual Studio Solution File, Format Version 12.00
# Visual Studio Version 17
VisualStudioVersion = 17.4.33213.308
MinimumVisualStudioVersion = 10.0.40219.1
Project("{FAE04EC0-301F-11D3-BF4B-00C04F79EFBC}") = "EasyCashIdentityProject.EntityLayer", "EasyCashIdentityProject.EntityLayer\EasyCashIdentityProject.EntityLayer.csproj", "{F41F469B-3F6D-4B0D-A66D-82F76514E480}"
EndProject
Project("{FAE04EC0-301F-11D3-BF4B-00C04F79EFBC}") = "EasyCashIdentityProject.BusinessLayer", "EasyCashIdentityProject.BusinessLayer\EasyCashIdentityProject.BusinessLayer.csproj", "{A28C26EA-2284-4560-A1A4-41E3AA5BC967}"
EndProject
Project("{FAE04EC0-301F-11D3-BF4B-00C04F79EFBC}") = "EasyCashIdentityProject.DataAccesLayer", "EasyCashIdentityProject.DataAccesLayer\EasyCashIdentityProject.DataAccesLayer.csproj", "{1AA7C2CA-9BB1-41ED-86B2-880A6FD05FD0}"
EndProject
Project("{FAE04EC0-301F-11D3-BF4B-00C04F79EFBC}") = "EasyCashIdentityProject.DtoLayer", "EasyCashIdentityProject.DtoLayer\EasyCashIdentityProject.DtoLayer.csproj", "{A3279E91-410D-447D-A513-632585E027AE}"
EndProject
Project("{FAE04EC0-301F-11D3-BF4B-00C04F79EFBC}") = "EasyCashIdentityProject.Presentation", "EasyCashIdentityProject.Presentation\EasyCashIdentityProject.Presentation.csproj", "{6159F5C5-CBF3-48F6-8DC5-44ADB5DC9567}"
EndProject
Global
	GlobalSection(SolutionConfigurationPlatforms) = preSolution
		Debug|Any CPU = Debug|Any CPU
		Release|Any CPU = Release|Any CPU
	EndGlobalSection
	GlobalSection(ProjectConfigurationPlatforms) = postSolution
		{F41F469B-3F6D-4B0D-A66D-82F76514E480}.Debug|Any CPU.ActiveCfg = Debug|Any CPU
		{F41F469B-3F6D-4B0D-A66D-82F76514E480}.Debug|Any CPU.Build.0 = Debug|Any CPU
		{F41F469B-3F6D-4B0D-A66D-82F76514E480}.Release|Any CPU.ActiveCfg = Release|Any CPU
		{F41F469B-3F6D-4B0D-A66D-82F76514E480}.Release|Any CPU.Build.0 = Release|Any CPU
		{A28C26EA-2284-4560-A1A4-41E3AA5BC967}.Debug|Any CPU.ActiveCfg = Debug|Any CPU
		{A28C26EA-2284-4560-A1A4-41E3AA5BC967}.Debug|Any CPU.Build.0 = Debug|Any CPU
		{A28C26EA-2284-4560-A1A4-41E3AA5BC967}.Release|Any CPU.ActiveCfg = Release|Any CPU
		{A28C26EA-2284-4560-A1A4-41E3AA5BC967}.Release|Any CPU.Build.0 = Release|Any CPU
		{1AA7C2CA-9BB1-41ED-86B2-880A6FD05FD0}.Debug|Any CPU.ActiveCfg = Debug|Any CPU
		{1AA7C2CA-9BB1-41ED-86B2-880A6FD05FD0}.Debug|Any CPU.Build.0 = Debug|Any CPU
		{1AA7C2CA-9BB1-41ED-86B2-880A6FD05FD0}.Release|Any CPU.ActiveCfg = Release|Any CPU
		{1AA7C2CA-9BB1-41ED-86B2-880A6FD05FD0}.Release|Any CPU.Build.0 = Release|Any CPU
		{A3279E91-410D-447D-A513-632585E027AE}.Debug|Any CPU.ActiveCfg = Debug|Any CPU
		{A3279E91-410D-447D-A513-632585E027AE}.Debug|Any CPU.Build.0 = Debug|Any CPU
		{A3279E91-410D-447D-A513-632585E027AE}.Release|Any CPU.ActiveCfg = Release|Any CPU
		{A3279E91-410D-447D-A513-632585E027AE}.Release|Any CPU.Build.0 = Release|Any CPU
		{6159F5C5-CBF3-48F6-8DC5-44ADB5DC9567}.Debug|Any CPU.ActiveCfg = Debug|Any CPU
		{6159F5C5-CBF3-48F6-8DC5-44ADB5DC9567}.Debug|Any CPU.Build.0 = Debug|Any CPU
		{6159F5C5-CBF3-48F6-8DC5-44ADB5DC9567}.Release|Any CPU.ActiveCfg = Release|Any CPU
		{6159F5C5-CBF3-48F6-8DC5-44ADB5DC9567}.Release|Any CPU.Build.0 = Release|Any CPU
	EndGlobalSection
	GlobalSection(SolutionProperties) = preSolution
		HideSolutionNode = FALSE
	EndGlobalSection
	GlobalSection(ExtensibilityGlobals) = postSolution
		SolutionGuid = {634644A6-ED0C-425E-A480-EFA531827F6F}
	EndGlobalSection
EndGlobal
